
Microsoft Visual Studio Solution File, Format Version 12.00
# Visual Studio Version 17
VisualStudioVersion = 17.5.33424.131
MinimumVisualStudioVersion = 10.0.40219.1
Project("{FAE04EC0-301F-11D3-BF4B-00C04F79EFBC}") = "LockerAPI", "LockerAPI\LockerAPI.csproj", "{777D2036-9414-4E67-A6DE-123A1D118193}"
EndProject
Global
	GlobalSection(SolutionConfigurationPlatforms) = preSolution
		Debug|Any CPU = Debug|Any CPU
		Release|Any CPU = Release|Any CPU
	EndGlobalSection
	GlobalSection(ProjectConfigurationPlatforms) = postSolution
		{777D2036-9414-4E67-A6DE-123A1D118193}.Debug|Any CPU.ActiveCfg = Debug|Any CPU
		{777D2036-9414-4E67-A6DE-123A1D118193}.Debug|Any CPU.Build.0 = Debug|Any CPU
		{777D2036-9414-4E67-A6DE-123A1D118193}.Release|Any CPU.ActiveCfg = Release|Any CPU
		{777D2036-9414-4E67-A6DE-123A1D118193}.Release|Any CPU.Build.0 = Release|Any CPU
	EndGlobalSection
	GlobalSection(SolutionProperties) = preSolution
		HideSolutionNode = FALSE
	EndGlobalSection
	GlobalSection(ExtensibilityGlobals) = postSolution
		SolutionGuid = {00AAF9FB-E11A-4172-B42E-EAAF13BA2AAF}
	EndGlobalSection
EndGlobal
